Microsoft Visual Studio Solution File, Format Version 12.00
# Visual Studio 14
VisualStudioVersion = 14.0.25420.1
MinimumVisualStudioVersion = 10.0.40219.1
Project("{2150E333-8FDC-42A3-9474-1A3956D46DE8}") = "Persistence", "Persistence", "{56F516D7-BC3C-49E1-A639-83C5F14953F8}"
EndProject
Project("{2150E333-8FDC-42A3-9474-1A3956D46DE8}") = "Transports", "Transports", "{0006D6BB-1382-4B32-AD32-CA037F5CD4F6}"
EndProject
Project("{2150E333-8FDC-42A3-9474-1A3956D46DE8}") = "Containers", "Containers", "{6C61507E-FF16-45C8-8FE4-350069D9B4C1}"
EndProject
Project("{2150E333-8FDC-42A3-9474-1A3956D46DE8}") = "Loggers", "Loggers", "{6A938565-BEE9-434C-9A1A-CD2905907554}"
EndProject
Project("{2150E333-8FDC-42A3-9474-1A3956D46DE8}") = "Automatonymous", "Automatonymous", "{D93DF222-8719-4B8F-A1EC-26C850D637DB}"
EndProject
Project("{2150E333-8FDC-42A3-9474-1A3956D46DE8}") = "Quartz", "Quartz", "{FDC1A760-D4E5-44F4-B0D9-C19F2E14253A}"
EndProject
Project("{2150E333-8FDC-42A3-9474-1A3956D46DE8}") = "Serializers", "Serializers", "{40AD8EF9-3B80-49B2-91DF-6DA2FC438055}"
EndProject
Project("{2150E333-8FDC-42A3-9474-1A3956D46DE8}") = "Samples", "Samples", "{C0CD5A16-BD57-429A-8E9A-0DED4DD507F3}"
EndProject
Project("{8BB2217D-0F2D-49D1-97BC-3654ED321F3B}") = "MassTransit", "MassTransit\MassTransit.xproj", "{BE86DC5F-5F5E-43D9-B6F0-C115D2D2D688}"
EndProject
Project("{8BB2217D-0F2D-49D1-97BC-3654ED321F3B}") = "MassTransit.TestFramework", "MassTransit.TestFramework\MassTransit.TestFramework.xproj", "{8C76EE58-D989-43E5-BAE3-574B8849B96D}"
EndProject
Project("{8BB2217D-0F2D-49D1-97BC-3654ED321F3B}") = "MassTransit.Tests", "MassTransit.Tests\MassTransit.Tests.xproj", "{6FEE959E-427A-4944-B311-65DE7BA1ED07}"
EndProject
Project("{8BB2217D-0F2D-49D1-97BC-3654ED321F3B}") = "MassTransit.RabbitMqTransport", "MassTransit.RabbitMqTransport\MassTransit.RabbitMqTransport.xproj", "{FC0C07E9-6577-4078-90ED-310382F5F5CD}"
EndProject
Project("{8BB2217D-0F2D-49D1-97BC-3654ED321F3B}") = "MassTransit.CoreLoggingIntegration", "MassTransit.CoreLoggingIntegration\MassTransit.CoreLoggingIntegration.xproj", "{39CA0371-34B7-47F5-8ABC-B1B24FB60123}"
EndProject
Global
	GlobalSection(SolutionConfigurationPlatforms) = preSolution
		Debug|Any CPU = Debug|Any CPU
		Release|Any CPU = Release|Any CPU
	EndGlobalSection
	GlobalSection(ProjectConfigurationPlatforms) = postSolution
		{BE86DC5F-5F5E-43D9-B6F0-C115D2D2D688}.Debug|Any CPU.ActiveCfg = Debug|Any CPU
		{BE86DC5F-5F5E-43D9-B6F0-C115D2D2D688}.Debug|Any CPU.Build.0 = Debug|Any CPU
		{BE86DC5F-5F5E-43D9-B6F0-C115D2D2D688}.Release|Any CPU.ActiveCfg = Release|Any CPU
		{BE86DC5F-5F5E-43D9-B6F0-C115D2D2D688}.Release|Any CPU.Build.0 = Release|Any CPU
		{8C76EE58-D989-43E5-BAE3-574B8849B96D}.Debug|Any CPU.ActiveCfg = Debug|Any CPU
		{8C76EE58-D989-43E5-BAE3-574B8849B96D}.Debug|Any CPU.Build.0 = Debug|Any CPU
		{8C76EE58-D989-43E5-BAE3-574B8849B96D}.Release|Any CPU.ActiveCfg = Release|Any CPU
		{8C76EE58-D989-43E5-BAE3-574B8849B96D}.Release|Any CPU.Build.0 = Release|Any CPU
		{6FEE959E-427A-4944-B311-65DE7BA1ED07}.Debug|Any CPU.ActiveCfg = Debug|Any CPU
		{6FEE959E-427A-4944-B311-65DE7BA1ED07}.Debug|Any CPU.Build.0 = Debug|Any CPU
		{6FEE959E-427A-4944-B311-65DE7BA1ED07}.Release|Any CPU.ActiveCfg = Release|Any CPU
		{6FEE959E-427A-4944-B311-65DE7BA1ED07}.Release|Any CPU.Build.0 = Release|Any CPU
		{FC0C07E9-6577-4078-90ED-310382F5F5CD}.Debug|Any CPU.ActiveCfg = Debug|Any CPU
		{FC0C07E9-6577-4078-90ED-310382F5F5CD}.Debug|Any CPU.Build.0 = Debug|Any CPU
		{FC0C07E9-6577-4078-90ED-310382F5F5CD}.Release|Any CPU.ActiveCfg = Release|Any CPU
		{FC0C07E9-6577-4078-90ED-310382F5F5CD}.Release|Any CPU.Build.0 = Release|Any CPU
		{39CA0371-34B7-47F5-8ABC-B1B24FB60123}.Debug|Any CPU.ActiveCfg = Debug|Any CPU
		{39CA0371-34B7-47F5-8ABC-B1B24FB60123}.Debug|Any CPU.Build.0 = Debug|Any CPU
		{39CA0371-34B7-47F5-8ABC-B1B24FB60123}.Release|Any CPU.ActiveCfg = Release|Any CPU
		{39CA0371-34B7-47F5-8ABC-B1B24FB60123}.Release|Any CPU.Build.0 = Release|Any CPU
	EndGlobalSection
	GlobalSection(SolutionProperties) = preSolution
		HideSolutionNode = FALSE
	EndGlobalSection
	GlobalSection(NestedProjects) = preSolution
		{FC0C07E9-6577-4078-90ED-310382F5F5CD} = {0006D6BB-1382-4B32-AD32-CA037F5CD4F6}
		{39CA0371-34B7-47F5-8ABC-B1B24FB60123} = {6A938565-BEE9-434C-9A1A-CD2905907554}
	EndGlobalSection
	GlobalSection(ExtensibilityGlobals) = postSolution
		EnterpriseLibraryConfigurationToolBinariesPath = packages\Unity.2.1.505.2\lib\NET35
	EndGlobalSection
EndGlobal
