Microsoft Visual Studio Solution File, Format Version 12.00
# Visual Studio 14
VisualStudioVersion = 14.0.25420.1
MinimumVisualStudioVersion = 10.0.40219.1
Project("{2150E333-8FDC-42A3-9474-1A3956D46DE8}") = "Persistence", "Persistence", "{56F516D7-BC3C-49E1-A639-83C5F14953F8}"
EndProject
Project("{2150E333-8FDC-42A3-9474-1A3956D46DE8}") = "Transports", "Transports", "{0006D6BB-1382-4B32-AD32-CA037F5CD4F6}"
EndProject
Project("{2150E333-8FDC-42A3-9474-1A3956D46DE8}") = "Containers", "Containers", "{6C61507E-FF16-45C8-8FE4-350069D9B4C1}"
EndProject
Project("{2150E333-8FDC-42A3-9474-1A3956D46DE8}") = "Loggers", "Loggers", "{6A938565-BEE9-434C-9A1A-CD2905907554}"
EndProject
Project("{2150E333-8FDC-42A3-9474-1A3956D46DE8}") = "Automatonymous", "Automatonymous", "{D93DF222-8719-4B8F-A1EC-26C850D637DB}"
EndProject
Project("{2150E333-8FDC-42A3-9474-1A3956D46DE8}") = "Quartz", "Quartz", "{FDC1A760-D4E5-44F4-B0D9-C19F2E14253A}"
EndProject
Project("{2150E333-8FDC-42A3-9474-1A3956D46DE8}") = "Serializers", "Serializers", "{40AD8EF9-3B80-49B2-91DF-6DA2FC438055}"
EndProject
Project("{2150E333-8FDC-42A3-9474-1A3956D46DE8}") = "Samples", "Samples", "{C0CD5A16-BD57-429A-8E9A-0DED4DD507F3}"
EndProject
Project("{8BB2217D-0F2D-49D1-97BC-3654ED321F3B}") = "MassTransit", "MassTransit\MassTransit.xproj", "{BE86DC5F-5F5E-43D9-B6F0-C115D2D2D688}"
EndProject
Project("{8BB2217D-0F2D-49D1-97BC-3654ED321F3B}") = "MassTransit.TestFramework", "MassTransit.TestFramework\MassTransit.TestFramework.xproj", "{8C76EE58-D989-43E5-BAE3-574B8849B96D}"
EndProject
Project("{8BB2217D-0F2D-49D1-97BC-3654ED321F3B}") = "MassTransit.Tests", "MassTransit.Tests\MassTransit.Tests.xproj", "{6FEE959E-427A-4944-B311-65DE7BA1ED07}"
EndProject
Project("{8BB2217D-0F2D-49D1-97BC-3654ED321F3B}") = "MassTransit.RabbitMqTransport", "MassTransit.RabbitMqTransport\MassTransit.RabbitMqTransport.xproj", "{FC0C07E9-6577-4078-90ED-310382F5F5CD}"
EndProject
Project("{8BB2217D-0F2D-49D1-97BC-3654ED321F3B}") = "MassTransit.CoreLoggingIntegration", "MassTransit.CoreLoggingIntegration\MassTransit.CoreLoggingIntegration.xproj", "{39CA0371-34B7-47F5-8ABC-B1B24FB60123}"
EndProject
Project("{8BB2217D-0F2D-49D1-97BC-3654ED321F3B}") = "MassTransit.SerilogIntegration", "MassTransit.SerilogIntegration\MassTransit.SerilogIntegration.xproj", "{A8FBB169-217F-4E60-A95D-58CE51B31C2F}"
EndProject
Project("{8BB2217D-0F2D-49D1-97BC-3654ED321F3B}") = "MassTransit.NLogIntegration", "MassTransit.NLogIntegration\MassTransit.NLogIntegration.xproj", "{7B7ADE7D-7880-48F3-B355-301B1EB144CD}"
EndProject
Project("{8BB2217D-0F2D-49D1-97BC-3654ED321F3B}") = "MassTransit.StructureMapIntegration", "MassTransit.StructureMapIntegration\MassTransit.StructureMapIntegration.xproj", "{1854F836-AEBA-4A99-A381-CAC440047717}"
EndProject
Project("{8BB2217D-0F2D-49D1-97BC-3654ED321F3B}") = "MassTransit.Log4NetIntegration", "MassTransit.Log4NetIntegration\MassTransit.Log4NetIntegration.xproj", "{4AA6ECF5-C91A-4E18-9CC7-8AA448F121CB}"
EndProject
Project("{8BB2217D-0F2D-49D1-97BC-3654ED321F3B}") = "MassTransit.QuartzIntegration", "MassTransit.QuartzIntegration\MassTransit.QuartzIntegration.xproj", "{BE86DC5F-5F5E-43D9-B6F0-C115D2D3D688}"
EndProject
Project("{8BB2217D-0F2D-49D1-97BC-3654ED321F3B}") = "MassTransit.QuartzIntegration.Tests", "MassTransit.QuartzIntegration.Tests\MassTransit.QuartzIntegration.Tests.xproj", "{E27DA7F3-7C0C-480B-A2E2-4608B2106F6A}"
EndProject
Project("{8BB2217D-0F2D-49D1-97BC-3654ED321F3B}") = "MassTransit.QuartzService", "MassTransit.QuartzService\MassTransit.QuartzService.xproj", "{F8EA13FC-426E-4E8E-972D-2B3416AF2858}"
EndProject
Global
	GlobalSection(SolutionConfigurationPlatforms) = preSolution
		Debug|Any CPU = Debug|Any CPU
		Release|Any CPU = Release|Any CPU
	EndGlobalSection
	GlobalSection(ProjectConfigurationPlatforms) = postSolution
		{BE86DC5F-5F5E-43D9-B6F0-C115D2D2D688}.Debug|Any CPU.ActiveCfg = Debug|Any CPU
		{BE86DC5F-5F5E-43D9-B6F0-C115D2D2D688}.Debug|Any CPU.Build.0 = Debug|Any CPU
		{BE86DC5F-5F5E-43D9-B6F0-C115D2D2D688}.Release|Any CPU.ActiveCfg = Release|Any CPU
		{BE86DC5F-5F5E-43D9-B6F0-C115D2D2D688}.Release|Any CPU.Build.0 = Release|Any CPU
		{8C76EE58-D989-43E5-BAE3-574B8849B96D}.Debug|Any CPU.ActiveCfg = Debug|Any CPU
		{8C76EE58-D989-43E5-BAE3-574B8849B96D}.Debug|Any CPU.Build.0 = Debug|Any CPU
		{8C76EE58-D989-43E5-BAE3-574B8849B96D}.Release|Any CPU.ActiveCfg = Release|Any CPU
		{8C76EE58-D989-43E5-BAE3-574B8849B96D}.Release|Any CPU.Build.0 = Release|Any CPU
		{6FEE959E-427A-4944-B311-65DE7BA1ED07}.Debug|Any CPU.ActiveCfg = Debug|Any CPU
		{6FEE959E-427A-4944-B311-65DE7BA1ED07}.Debug|Any CPU.Build.0 = Debug|Any CPU
		{6FEE959E-427A-4944-B311-65DE7BA1ED07}.Release|Any CPU.ActiveCfg = Release|Any CPU
		{6FEE959E-427A-4944-B311-65DE7BA1ED07}.Release|Any CPU.Build.0 = Release|Any CPU
		{FC0C07E9-6577-4078-90ED-310382F5F5CD}.Debug|Any CPU.ActiveCfg = Debug|Any CPU
		{FC0C07E9-6577-4078-90ED-310382F5F5CD}.Debug|Any CPU.Build.0 = Debug|Any CPU
		{FC0C07E9-6577-4078-90ED-310382F5F5CD}.Release|Any CPU.ActiveCfg = Release|Any CPU
		{FC0C07E9-6577-4078-90ED-310382F5F5CD}.Release|Any CPU.Build.0 = Release|Any CPU
		{39CA0371-34B7-47F5-8ABC-B1B24FB60123}.Debug|Any CPU.ActiveCfg = Debug|Any CPU
		{39CA0371-34B7-47F5-8ABC-B1B24FB60123}.Debug|Any CPU.Build.0 = Debug|Any CPU
		{39CA0371-34B7-47F5-8ABC-B1B24FB60123}.Release|Any CPU.ActiveCfg = Release|Any CPU
		{39CA0371-34B7-47F5-8ABC-B1B24FB60123}.Release|Any CPU.Build.0 = Release|Any CPU
		{A8FBB169-217F-4E60-A95D-58CE51B31C2F}.Debug|Any CPU.ActiveCfg = Debug|Any CPU
		{A8FBB169-217F-4E60-A95D-58CE51B31C2F}.Debug|Any CPU.Build.0 = Debug|Any CPU
		{A8FBB169-217F-4E60-A95D-58CE51B31C2F}.Release|Any CPU.ActiveCfg = Release|Any CPU
		{A8FBB169-217F-4E60-A95D-58CE51B31C2F}.Release|Any CPU.Build.0 = Release|Any CPU
		{7B7ADE7D-7880-48F3-B355-301B1EB144CD}.Debug|Any CPU.ActiveCfg = Debug|Any CPU
		{7B7ADE7D-7880-48F3-B355-301B1EB144CD}.Debug|Any CPU.Build.0 = Debug|Any CPU
		{7B7ADE7D-7880-48F3-B355-301B1EB144CD}.Release|Any CPU.ActiveCfg = Release|Any CPU
		{7B7ADE7D-7880-48F3-B355-301B1EB144CD}.Release|Any CPU.Build.0 = Release|Any CPU
		{1854F836-AEBA-4A99-A381-CAC440047717}.Debug|Any CPU.ActiveCfg = Debug|Any CPU
		{1854F836-AEBA-4A99-A381-CAC440047717}.Debug|Any CPU.Build.0 = Debug|Any CPU
		{1854F836-AEBA-4A99-A381-CAC440047717}.Release|Any CPU.ActiveCfg = Release|Any CPU
		{1854F836-AEBA-4A99-A381-CAC440047717}.Release|Any CPU.Build.0 = Release|Any CPU
		{4AA6ECF5-C91A-4E18-9CC7-8AA448F121CB}.Debug|Any CPU.ActiveCfg = Debug|Any CPU
		{4AA6ECF5-C91A-4E18-9CC7-8AA448F121CB}.Debug|Any CPU.Build.0 = Debug|Any CPU
		{4AA6ECF5-C91A-4E18-9CC7-8AA448F121CB}.Release|Any CPU.ActiveCfg = Release|Any CPU
		{4AA6ECF5-C91A-4E18-9CC7-8AA448F121CB}.Release|Any CPU.Build.0 = Release|Any CPU
		{BE86DC5F-5F5E-43D9-B6F0-C115D2D3D688}.Debug|Any CPU.ActiveCfg = Debug|Any CPU
		{BE86DC5F-5F5E-43D9-B6F0-C115D2D3D688}.Debug|Any CPU.Build.0 = Debug|Any CPU
		{BE86DC5F-5F5E-43D9-B6F0-C115D2D3D688}.Release|Any CPU.ActiveCfg = Release|Any CPU
		{BE86DC5F-5F5E-43D9-B6F0-C115D2D3D688}.Release|Any CPU.Build.0 = Release|Any CPU
		{E27DA7F3-7C0C-480B-A2E2-4608B2106F6A}.Debug|Any CPU.ActiveCfg = Debug|Any CPU
		{E27DA7F3-7C0C-480B-A2E2-4608B2106F6A}.Debug|Any CPU.Build.0 = Debug|Any CPU
		{E27DA7F3-7C0C-480B-A2E2-4608B2106F6A}.Release|Any CPU.ActiveCfg = Release|Any CPU
		{E27DA7F3-7C0C-480B-A2E2-4608B2106F6A}.Release|Any CPU.Build.0 = Release|Any CPU
		{F8EA13FC-426E-4E8E-972D-2B3416AF2858}.Debug|Any CPU.ActiveCfg = Debug|Any CPU
		{F8EA13FC-426E-4E8E-972D-2B3416AF2858}.Debug|Any CPU.Build.0 = Debug|Any CPU
		{F8EA13FC-426E-4E8E-972D-2B3416AF2858}.Release|Any CPU.ActiveCfg = Release|Any CPU
		{F8EA13FC-426E-4E8E-972D-2B3416AF2858}.Release|Any CPU.Build.0 = Release|Any CPU
	EndGlobalSection
	GlobalSection(SolutionProperties) = preSolution
		HideSolutionNode = FALSE
	EndGlobalSection
	GlobalSection(NestedProjects) = preSolution
		{FC0C07E9-6577-4078-90ED-310382F5F5CD} = {0006D6BB-1382-4B32-AD32-CA037F5CD4F6}
		{39CA0371-34B7-47F5-8ABC-B1B24FB60123} = {6A938565-BEE9-434C-9A1A-CD2905907554}
		{A8FBB169-217F-4E60-A95D-58CE51B31C2F} = {6A938565-BEE9-434C-9A1A-CD2905907554}
		{7B7ADE7D-7880-48F3-B355-301B1EB144CD} = {6A938565-BEE9-434C-9A1A-CD2905907554}
		{1854F836-AEBA-4A99-A381-CAC440047717} = {6C61507E-FF16-45C8-8FE4-350069D9B4C1}
		{4AA6ECF5-C91A-4E18-9CC7-8AA448F121CB} = {6A938565-BEE9-434C-9A1A-CD2905907554}
		{BE86DC5F-5F5E-43D9-B6F0-C115D2D3D688} = {FDC1A760-D4E5-44F4-B0D9-C19F2E14253A}
		{E27DA7F3-7C0C-480B-A2E2-4608B2106F6A} = {FDC1A760-D4E5-44F4-B0D9-C19F2E14253A}
		{F8EA13FC-426E-4E8E-972D-2B3416AF2858} = {FDC1A760-D4E5-44F4-B0D9-C19F2E14253A}
	EndGlobalSection
	GlobalSection(ExtensibilityGlobals) = postSolution
		EnterpriseLibraryConfigurationToolBinariesPath = packages\Unity.2.1.505.2\lib\NET35
	EndGlobalSection
EndGlobal
